
Microsoft Visual Studio Solution File, Format Version 12.00
# Visual Studio Version 17
VisualStudioVersion = 17.0.31903.59
MinimumVisualStudioVersion = 10.0.40219.1
Project("{FAE04EC0-301F-11D3-BF4B-00C04F79EFBC}") = "ServiceReservasi", "ServiceReservasi.csproj", "{06438762-91B4-4FD3-BB12-E1DB8CD19AD9}"
EndProject
Global
	GlobalSection(SolutionConfigurationPlatforms) = preSolution
		Debug|Any CPU = Debug|Any CPU
		Release|Any CPU = Release|Any CPU
	EndGlobalSection
	GlobalSection(ProjectConfigurationPlatforms) = postSolution
		{06438762-91B4-4FD3-BB12-E1DB8CD19AD9}.Debug|Any CPU.ActiveCfg = Debug|Any CPU
		{06438762-91B4-4FD3-BB12-E1DB8CD19AD9}.Debug|Any CPU.Build.0 = Debug|Any CPU
		{06438762-91B4-4FD3-BB12-E1DB8CD19AD9}.Release|Any CPU.ActiveCfg = Release|Any CPU
		{06438762-91B4-4FD3-BB12-E1DB8CD19AD9}.Release|Any CPU.Build.0 = Release|Any CPU
	EndGlobalSection
	GlobalSection(SolutionProperties) = preSolution
		HideSolutionNode = FALSE
	EndGlobalSection
	GlobalSection(ExtensibilityGlobals) = postSolution
		SolutionGuid = {E506B198-9775-4B2E-997C-43E35B9A6B8F}
	EndGlobalSection
EndGlobal
